# This file is automatically @generated by Cargo.
# It is not intended for manual editing.
version = 4

[[package]]
name = "bitflags"
version = "2.12.1"
source = "registry+https://github.com/rust-lang/crates.io-index"
checksum = "84d7ced0ae9557296835c32bf1b1e02b44c746701f898460fb000d7eaa84f00a"

[[package]]
name = "bootloader"
version = "0.1.0"

[[package]]
name = "cat"
version = "0.1.0"
dependencies = [
 "libc-lite",
]

[[package]]
name = "echo"
version = "0.1.0"
dependencies = [
 "libc-lite",
]

[[package]]
name = "hello"
version = "0.1.0"
dependencies = [
 "libc-lite",
]

[[package]]
name = "init"
version = "0.1.0"

[[package]]
name = "kernel"
version = "0.1.0"
dependencies = [
 "bitflags",
]

[[package]]
name = "libc-lite"
version = "0.1.0"

[[package]]
name = "ls"
version = "0.1.0"
dependencies = [
 "libc-lite",
]

[[package]]
name = "shell"
version = "0.1.0"
dependencies = [
 "libc-lite",
]

[[package]]
name = "syscall"
version = "0.1.0"
